
Microsoft Visual Studio Solution File, Format Version 12.00
# Visual Studio Version 16
VisualStudioVersion = 16.0.30105.148
MinimumVisualStudioVersion = 10.0.40219.1
Project("{8BC9CEB8-8B4A-11D0-8D11-00A0C91BC942}") = "dinput8wrapper", "dinput8wrapper\dinput8wrapper.vcxproj", "{2A4F4487-E283-4B63-805B-C5014CFB3685}"
EndProject
Global
	GlobalSection(SolutionConfigurationPlatforms) = preSolution
		Debug|x86 = Debug|x86
		Release|x86 = Release|x86
	EndGlobalSection
	GlobalSection(ProjectConfigurationPlatforms) = postSolution
		{2A4F4487-E283-4B63-805B-C5014CFB3685}.Debug|x86.ActiveCfg = Debug|Win32
		{2A4F4487-E283-4B63-805B-C5014CFB3685}.Debug|x86.Build.0 = Debug|Win32
		{2A4F4487-E283-4B63-805B-C5014CFB3685}.Release|x86.ActiveCfg = Release|Win32
		{2A4F4487-E283-4B63-805B-C5014CFB3685}.Release|x86.Build.0 = Release|Win32
	EndGlobalSection
	GlobalSection(SolutionProperties) = preSolution
		HideSolutionNode = FALSE
	EndGlobalSection
	GlobalSection(ExtensibilityGlobals) = postSolution
		SolutionGuid = {17811442-D27B-473E-94D2-93D2E0C5064F}
	EndGlobalSection
EndGlobal
